
Microsoft Visual Studio Solution File, Format Version 12.00
# Visual Studio Version 16
VisualStudioVersion = 16.0.30804.86
MinimumVisualStudioVersion = 10.0.40219.1
Project("{FAE04EC0-301F-11D3-BF4B-00C04F79EFBC}") = "UD19-EJ1", "UD19-EJ1\UD19-EJ1.csproj", "{63D64C3F-F85C-4266-9890-C46D913201ED}"
EndProject
Global
	GlobalSection(SolutionConfigurationPlatforms) = preSolution
		Debug|Any CPU = Debug|Any CPU
		Release|Any CPU = Release|Any CPU
	EndGlobalSection
	GlobalSection(ProjectConfigurationPlatforms) = postSolution
		{63D64C3F-F85C-4266-9890-C46D913201ED}.Debug|Any CPU.ActiveCfg = Debug|Any CPU
		{63D64C3F-F85C-4266-9890-C46D913201ED}.Debug|Any CPU.Build.0 = Debug|Any CPU
		{63D64C3F-F85C-4266-9890-C46D913201ED}.Release|Any CPU.ActiveCfg = Release|Any CPU
		{63D64C3F-F85C-4266-9890-C46D913201ED}.Release|Any CPU.Build.0 = Release|Any CPU
	EndGlobalSection
	GlobalSection(SolutionProperties) = preSolution
		HideSolutionNode = FALSE
	EndGlobalSection
	GlobalSection(ExtensibilityGlobals) = postSolution
		SolutionGuid = {3E887499-C93B-4E36-9700-CD6B41206EB6}
	EndGlobalSection
EndGlobal
